
Microsoft Visual Studio Solution File, Format Version 12.00
# Visual Studio Version 17
VisualStudioVersion = 17.1.32421.90
MinimumVisualStudioVersion = 10.0.40219.1
Project("{FAE04EC0-301F-11D3-BF4B-00C04F79EFBC}") = "OOPsReview", "OOPsReview\OOPsReview.csproj", "{B969F65D-0D8F-480A-ADD7-855CF9A5E5B2}"
EndProject
Global
	GlobalSection(SolutionConfigurationPlatforms) = preSolution
		Debug|Any CPU = Debug|Any CPU
		Release|Any CPU = Release|Any CPU
	EndGlobalSection
	GlobalSection(ProjectConfigurationPlatforms) = postSolution
		{B969F65D-0D8F-480A-ADD7-855CF9A5E5B2}.Debug|Any CPU.ActiveCfg = Debug|Any CPU
		{B969F65D-0D8F-480A-ADD7-855CF9A5E5B2}.Debug|Any CPU.Build.0 = Debug|Any CPU
		{B969F65D-0D8F-480A-ADD7-855CF9A5E5B2}.Release|Any CPU.ActiveCfg = Release|Any CPU
		{B969F65D-0D8F-480A-ADD7-855CF9A5E5B2}.Release|Any CPU.Build.0 = Release|Any CPU
	EndGlobalSection
	GlobalSection(SolutionProperties) = preSolution
		HideSolutionNode = FALSE
	EndGlobalSection
	GlobalSection(ExtensibilityGlobals) = postSolution
		SolutionGuid = {ECFE9BCF-9CDA-4D95-B54D-51B122053C89}
	EndGlobalSection
EndGlobal
